
Microsoft Visual Studio Solution File, Format Version 12.00
# Visual Studio Version 17
VisualStudioVersion = 17.4.33103.184
MinimumVisualStudioVersion = 10.0.40219.1
Project("{FAE04EC0-301F-11D3-BF4B-00C04F79EFBC}") = "NNKProject.WebAPI", "NNKProject.WebAPI.csproj", "{39525877-8BBC-47DF-AACF-6BD14B381414}"
EndProject
Project("{FAE04EC0-301F-11D3-BF4B-00C04F79EFBC}") = "NNKProject.BLL", "..\NNKProject.BLL\NNKProject.BLL.csproj", "{566A96C7-28B4-4993-B7DA-3559B1E75F5F}"
EndProject
Project("{FAE04EC0-301F-11D3-BF4B-00C04F79EFBC}") = "NNKProject.DAL", "..\NNKProject.DAL\NNKProject.DAL.csproj", "{FB0894AA-24EF-47A0-9A52-F486A7CF6D99}"
EndProject
Global
	GlobalSection(SolutionConfigurationPlatforms) = preSolution
		Debug|Any CPU = Debug|Any CPU
		Release|Any CPU = Release|Any CPU
	EndGlobalSection
	GlobalSection(ProjectConfigurationPlatforms) = postSolution
		{39525877-8BBC-47DF-AACF-6BD14B381414}.Debug|Any CPU.ActiveCfg = Debug|Any CPU
		{39525877-8BBC-47DF-AACF-6BD14B381414}.Debug|Any CPU.Build.0 = Debug|Any CPU
		{39525877-8BBC-47DF-AACF-6BD14B381414}.Release|Any CPU.ActiveCfg = Release|Any CPU
		{39525877-8BBC-47DF-AACF-6BD14B381414}.Release|Any CPU.Build.0 = Release|Any CPU
		{566A96C7-28B4-4993-B7DA-3559B1E75F5F}.Debug|Any CPU.ActiveCfg = Debug|Any CPU
		{566A96C7-28B4-4993-B7DA-3559B1E75F5F}.Debug|Any CPU.Build.0 = Debug|Any CPU
		{566A96C7-28B4-4993-B7DA-3559B1E75F5F}.Release|Any CPU.ActiveCfg = Release|Any CPU
		{566A96C7-28B4-4993-B7DA-3559B1E75F5F}.Release|Any CPU.Build.0 = Release|Any CPU
		{FB0894AA-24EF-47A0-9A52-F486A7CF6D99}.Debug|Any CPU.ActiveCfg = Debug|Any CPU
		{FB0894AA-24EF-47A0-9A52-F486A7CF6D99}.Debug|Any CPU.Build.0 = Debug|Any CPU
		{FB0894AA-24EF-47A0-9A52-F486A7CF6D99}.Release|Any CPU.ActiveCfg = Release|Any CPU
		{FB0894AA-24EF-47A0-9A52-F486A7CF6D99}.Release|Any CPU.Build.0 = Release|Any CPU
	EndGlobalSection
	GlobalSection(SolutionProperties) = preSolution
		HideSolutionNode = FALSE
	EndGlobalSection
	GlobalSection(ExtensibilityGlobals) = postSolution
		SolutionGuid = {B1F8912A-8BE1-44FB-ACF3-63AD6841F98B}
	EndGlobalSection
EndGlobal
